// !$*UTF8*$!
{
	archiveVersion = 1;
	classes = {
	};
	objectVersion = 46;
	objects = {

/* Begin PBXBuildFile section */
		A96367EF1EC52FA9002A77DA /* AppDelegate.swift in Sources */ = {isa = PBXBuildFile; fileRef = A96367EE1EC52FA9002A77DA /* AppDelegate.swift */; };
		A96367F11EC52FA9002A77DA /* MainVC.swift in Sources */ = {isa = PBXBuildFile; fileRef = A96367F01EC52FA9002A77DA /* MainVC.swift */; };
		A96367F41EC52FA9002A77DA /* Main.storyboard in Resources */ = {isa = PBXBuildFile; fileRef = A96367F21EC52FA9002A77DA /* Main.storyboard */; };
		A96367F61EC52FA9002A77DA /* Assets.xcassets in Resources */ = {isa = PBXBuildFile; fileRef = A96367F51EC52FA9002A77DA /* Assets.xcassets */; };
		A96367F91EC52FA9002A77DA /* LaunchScreen.storyboard in Resources */ = {isa = PBXBuildFile; fileRef = A96367F71EC52FA9002A77DA /* LaunchScreen.storyboard */; };
		A96368041EC533D5002A77DA /* still time.ttf in Resources */ = {isa = PBXBuildFile; fileRef = A96368031EC533D5002A77DA /* still time.ttf */; };
		A96368071EC534BF002A77DA /* VideoVC.swift in Sources */ = {isa = PBXBuildFile; fileRef = A96368061EC534BF002A77DA /* VideoVC.swift */; };
		A9DE7B951ECD47380074EEB2 /* PartyCell.swift in Sources */ = {isa = PBXBuildFile; fileRef = A9DE7B941ECD47380074EEB2 /* PartyCell.swift */; };
		A9DE7B971ECD484B0074EEB2 /* PartyRock.swift in Sources */ = {isa = PBXBuildFile; fileRef = A9DE7B961ECD484B0074EEB2 /* PartyRock.swift */; };
/* End PBXBuildFile section */

/* Begin PBXFileReference section */
		A96367EB1EC52FA9002A77DA /* PartyRockApp.app */ = {isa = PBXFileReference; explicitFileType = wrapper.application; includeInIndex = 0; path = PartyRockApp.app; sourceTree = BUILT_PRODUCTS_DIR; };
		A96367EE1EC52FA9002A77DA /* AppDelegate.swift */ = {isa = PBXFileReference; lastKnownFileType = sourcecode.swift; path = AppDelegate.swift; sourceTree = "<group>"; };
		A96367F01EC52FA9002A77DA /* MainVC.swift */ = {isa = PBXFileReference; lastKnownFileType = sourcecode.swift; path = MainVC.swift; sourceTree = "<group>"; };
		A96367F31EC52FA9002A77DA /* Base */ = {isa = PBXFileReference; lastKnownFileType = file.storyboard; name = Base; path = Base.lproj/Main.storyboard; sourceTree = "<group>"; };
		A96367F51EC52FA9002A77DA /* Assets.xcassets */ = {isa = PBXFileReference; lastKnownFileType = folder.assetcatalog; path = Assets.xcassets; sourceTree = "<group>"; };
		A96367F81EC52FA9002A77DA /* Base */ = {isa = PBXFileReference; lastKnownFileType = file.storyboard; name = Base; path = Base.lproj/LaunchScreen.storyboard; sourceTree = "<group>"; };
		A96367FA1EC52FA9002A77DA /* Info.plist */ = {isa = PBXFileReference; lastKnownFileType = text.plist.xml; path = Info.plist; sourceTree = "<group>"; };
		A96368031EC533D5002A77DA /* still time.ttf */ = {isa = PBXFileReference; lastKnownFileType = file; path = "still time.ttf"; sourceTree = "<group>"; };
		A96368061EC534BF002A77DA /* VideoVC.swift */ = {isa = PBXFileReference; fileEncoding = 4; lastKnownFileType = sourcecode.swift; path = VideoVC.swift; sourceTree = "<group>"; };
		A9DE7B941ECD47380074EEB2 /* PartyCell.swift */ = {isa = PBXFileReference; fileEncoding = 4; lastKnownFileType = sourcecode.swift; path = PartyCell.swift; sourceTree = "<group>"; };
		A9DE7B961ECD484B0074EEB2 /* PartyRock.swift */ = {isa = PBXFileReference; fileEncoding = 4; lastKnownFileType = sourcecode.swift; path = PartyRock.swift; sourceTree = "<group>"; };
/* End PBXFileReference section */

/* Begin PBXFrameworksBuildPhase section */
		A96367E81EC52FA9002A77DA /* Frameworks */ = {
			isa = PBXFrameworksBuildPhase;
			buildActionMask = 2147483647;
			files = (
			);
			runOnlyForDeploymentPostprocessing = 0;
		};
/* End PBXFrameworksBuildPhase section */

/* Begin PBXGroup section */
		A96367E21EC52FA9002A77DA = {
			isa = PBXGroup;
			children = (
				A96367ED1EC52FA9002A77DA /* PartyRockApp */,
				A96367EC1EC52FA9002A77DA /* Products */,
			);
			sourceTree = "<group>";
		};
		A96367EC1EC52FA9002A77DA /* Products */ = {
			isa = PBXGroup;
			children = (
				A96367EB1EC52FA9002A77DA /* PartyRockApp.app */,
			);
			name = Products;
			sourceTree = "<group>";
		};
		A96367ED1EC52FA9002A77DA /* PartyRockApp */ = {
			isa = PBXGroup;
			children = (
				A96368051EC533EC002A77DA /* Files */,
				A96368021EC5304C002A77DA /* Model */,
				A96368011EC53047002A77DA /* View */,
				A96368001EC5301F002A77DA /* Controller */,
				A96367EE1EC52FA9002A77DA /* AppDelegate.swift */,
				A96367F71EC52FA9002A77DA /* LaunchScreen.storyboard */,
				A96367F21EC52FA9002A77DA /* Main.storyboard */,
				A96367F51EC52FA9002A77DA /* Assets.xcassets */,
				A96367FA1EC52FA9002A77DA /* Info.plist */,
			);
			path = PartyRockApp;
			sourceTree = "<group>";
		};
		A96368001EC5301F002A77DA /* Controller */ = {
			isa = PBXGroup;
			children = (
				A96367F01EC52FA9002A77DA /* MainVC.swift */,
				A96368061EC534BF002A77DA /* VideoVC.swift */,
			);
			name = Controller;
			sourceTree = "<group>";
		};
		A96368011EC53047002A77DA /* View */ = {
			isa = PBXGroup;
			children = (
				A9DE7B941ECD47380074EEB2 /* PartyCell.swift */,
			);
			name = View;
			sourceTree = "<group>";
		};
		A96368021EC5304C002A77DA /* Model */ = {
			isa = PBXGroup;
			children = (
				A9DE7B961ECD484B0074EEB2 /* PartyRock.swift */,
			);
			name = Model;
			sourceTree = "<group>";
		};
		A96368051EC533EC002A77DA /* Files */ = {
			isa = PBXGroup;
			children = (
				A96368031EC533D5002A77DA /* still time.ttf */,
			);
			name = Files;
			sourceTree = "<group>";
		};
/* End PBXGroup section */

/* Begin PBXNativeTarget section */
		A96367EA1EC52FA9002A77DA /* PartyRockApp */ = {
			isa = PBXNativeTarget;
			buildConfigurationList = A96367FD1EC52FA9002A77DA /* Build configuration list for PBXNativeTarget "PartyRockApp" */;
			buildPhases = (
				A96367E71EC52FA9002A77DA /* Sources */,
				A96367E81EC52FA9002A77DA /* Frameworks */,
				A96367E91EC52FA9002A77DA /* Resources */,
			);
			buildRules = (
			);
			dependencies = (
			);
			name = PartyRockApp;
			productName = PartyRockApp;
			productReference = A96367EB1EC52FA9002A77DA /* PartyRockApp.app */;
			productType = "com.apple.product-type.application";
		};
/* End PBXNativeTarget section */

/* Begin PBXProject section */
		A96367E31EC52FA9002A77DA /* Project object */ = {
			isa = PBXProject;
			attributes = {
				LastSwiftUpdateCheck = 0830;
				LastUpgradeCheck = 0830;
				ORGANIZATIONNAME = UpliftedStudios;
				TargetAttributes = {
					A96367EA1EC52FA9002A77DA = {
						CreatedOnToolsVersion = 8.3.2;
						ProvisioningStyle = Automatic;
					};
				};
			};
			buildConfigurationList = A96367E61EC52FA9002A77DA /* Build configuration list for PBXProject "PartyRockApp" */;
			compatibilityVersion = "Xcode 3.2";
			developmentRegion = English;
			hasScannedForEncodings = 0;
			knownRegions = (
				en,
				Base,
			);
			mainGroup = A96367E21EC52FA9002A77DA;
			productRefGroup = A96367EC1EC52FA9002A77DA /* Products */;
			projectDirPath = "";
			projectRoot = "";
			targets = (
				A96367EA1EC52FA9002A77DA /* PartyRockApp */,
			);
		};
/* End PBXProject section */

/* Begin PBXResourcesBuildPhase section */
		A96367E91EC52FA9002A77DA /* Resources */ = {
			isa = PBXResourcesBuildPhase;
			buildActionMask = 2147483647;
			files = (
				A96367F91EC52FA9002A77DA /* LaunchScreen.storyboard in Resources */,
				A96368041EC533D5002A77DA /* still time.ttf in Resources */,
				A96367F61EC52FA9002A77DA /* Assets.xcassets in Resources */,
				A96367F41EC52FA9002A77DA /* Main.storyboard in Resources */,
			);
			runOnlyForDeploymentPostprocessing = 0;
		};
/* End PBXResourcesBuildPhase section */

/* Begin PBXSourcesBuildPhase section */
		A96367E71EC52FA9002A77DA /* Sources */ = {
			isa = PBXSourcesBuildPhase;
			buildActionMask = 2147483647;
			files = (
				A96368071EC534BF002A77DA /* VideoVC.swift in Sources */,
				A96367F11EC52FA9002A77DA /* MainVC.swift in Sources */,
				A9DE7B971ECD484B0074EEB2 /* PartyRock.swift in Sources */,
				A9DE7B951ECD47380074EEB2 /* PartyCell.swift in Sources */,
				A96367EF1EC52FA9002A77DA /* AppDelegate.swift in Sources */,
			);
			runOnlyForDeploymentPostprocessing = 0;
		};
/* End PBXSourcesBuildPhase section */

/* Begin PBXVariantGroup section */
		A96367F21EC52FA9002A77DA /* Main.storyboard */ = {
			isa = PBXVariantGroup;
			children = (
				A96367F31EC52FA9002A77DA /* Base */,
			);
			name = Main.storyboard;
			sourceTree = "<group>";
		};
		A96367F71EC52FA9002A77DA /* LaunchScreen.storyboard */ = {
			isa = PBXVariantGroup;
			children = (
				A96367F81EC52FA9002A77DA /* Base */,
			);
			name = LaunchScreen.storyboard;
			sourceTree = "<group>";
		};
/* End PBXVariantGroup section */

/* Begin XCBuildConfiguration section */
		A96367FB1EC52FA9002A77DA /* Debug */ = {
			isa = XCBuildConfiguration;
			buildSettings = {
				ALWAYS_SEARCH_USER_PATHS = NO;
				CLANG_ANALYZER_NONNULL = YES;
				CLANG_ANALYZER_NUMBER_OBJECT_CONVERSION = YES_AGGRESSIVE;
				CLANG_CXX_LANGUAGE_STANDARD = "gnu++0x";
				CLANG_CXX_LIBRARY = "libc++";
				CLANG_ENABLE_MODULES = YES;
				CLANG_ENABLE_OBJC_ARC = YES;
				CLANG_WARN_BOOL_CONVERSION = YES;
				CLANG_WARN_CONSTANT_CONVERSION = YES;
				CLANG_WARN_DIRECT_OBJC_ISA_USAGE = YES_ERROR;
				CLANG_WARN_DOCUMENTATION_COMMENTS = YES;
				CLANG_WARN_EMPTY_BODY = YES;
				CLANG_WARN_ENUM_CONVERSION = YES;
				CLANG_WARN_INFINITE_RECURSION = YES;
				CLANG_WARN_INT_CONVERSION = YES;
				CLANG_WARN_OBJC_ROOT_CLASS = YES_ERROR;
				CLANG_WARN_SUSPICIOUS_MOVE = YES;
				CLANG_WARN_UNREACHABLE_CODE = YES;
				CLANG_WARN__DUPLICATE_METHOD_MATCH = YES;
				"CODE_SIGN_IDENTITY[sdk=iphoneos*]" = "iPhone Developer";
				COPY_PHASE_STRIP = NO;
				DEBUG_INFORMATION_FORMAT = dwarf;
				ENABLE_STRICT_OBJC_MSGSEND = YES;
				ENABLE_TESTABILITY = YES;
				GCC_C_LANGUAGE_STANDARD = gnu99;
				GCC_DYNAMIC_NO_PIC = NO;
				GCC_NO_COMMON_BLOCKS = YES;
				GCC_OPTIMIZATION_LEVEL = 0;
				GCC_PREPROCESSOR_DEFINITIONS = (
					"DEBUG=1",
					"$(inherited)",
				);
				GCC_WARN_64_TO_32_BIT_CONVERSION = YES;
				GCC_WARN_ABOUT_RETURN_TYPE = YES_ERROR;
				GCC_WARN_UNDECLARED_SELECTOR = YES;
				GCC_WARN_UNINITIALIZED_AUTOS = YES_AGGRESSIVE;
				GCC_WARN_UNUSED_FUNCTION = YES;
				GCC_WARN_UNUSED_VARIABLE = YES;
				IPHONEOS_DEPLOYMENT_TARGET = 10.3;
				MTL_ENABLE_DEBUG_INFO = YES;
				ONLY_ACTIVE_ARCH = YES;
				SDKROOT = iphoneos;
				SWIFT_ACTIVE_COMPILATION_CONDITIONS = DEBUG;
				SWIFT_OPTIMIZATION_LEVEL = "-Onone";
			};
			name = Debug;
		};
		A96367FC1EC52FA9002A77DA /* Release */ = {
			isa = XCBuildConfiguration;
			buildSettings = {
				ALWAYS_SEARCH_USER_PATHS = NO;
				CLANG_ANALYZER_NONNULL = YES;
				CLANG_ANALYZER_NUMBER_OBJECT_CONVERSION = YES_AGGRESSIVE;
				CLANG_CXX_LANGUAGE_STANDARD = "gnu++0x";
				CLANG_CXX_LIBRARY = "libc++";
				CLANG_ENABLE_MODULES = YES;
				CLANG_ENABLE_OBJC_ARC = YES;
				CLANG_WARN_BOOL_CONVERSION = YES;
				CLANG_WARN_CONSTANT_CONVERSION = YES;
				CLANG_WARN_DIRECT_OBJC_ISA_USAGE = YES_ERROR;
				CLANG_WARN_DOCUMENTATION_COMMENTS = YES;
				CLANG_WARN_EMPTY_BODY = YES;
				CLANG_WARN_ENUM_CONVERSION = YES;
				CLANG_WARN_INFINITE_RECURSION = YES;
				CLANG_WARN_INT_CONVERSION = YES;
				CLANG_WARN_OBJC_ROOT_CLASS = YES_ERROR;
				CLANG_WARN_SUSPICIOUS_MOVE = YES;
				CLANG_WARN_UNREACHABLE_CODE = YES;
				CLANG_WARN__DUPLICATE_METHOD_MATCH = YES;
				"CODE_SIGN_IDENTITY[sdk=iphoneos*]" = "iPhone Developer";
				COPY_PHASE_STRIP = NO;
				DEBUG_INFORMATION_FORMAT = "dwarf-with-dsym";
				ENABLE_NS_ASSERTIONS = NO;
				ENABLE_STRICT_OBJC_MSGSEND = YES;
				GCC_C_LANGUAGE_STANDARD = gnu99;
				GCC_NO_COMMON_BLOCKS = YES;
				GCC_WARN_64_TO_32_BIT_CONVERSION = YES;
				GCC_WARN_ABOUT_RETURN_TYPE = YES_ERROR;
				GCC_WARN_UNDECLARED_SELECTOR = YES;
				GCC_WARN_UNINITIALIZED_AUTOS = YES_AGGRESSIVE;
				GCC_WARN_UNUSED_FUNCTION = YES;
				GCC_WARN_UNUSED_VARIABLE = YES;
				IPHONEOS_DEPLOYMENT_TARGET = 10.3;
				MTL_ENABLE_DEBUG_INFO = NO;
				SDKROOT = iphoneos;
				SWIFT_OPTIMIZATION_LEVEL = "-Owholemodule";
				VALIDATE_PRODUCT = YES;
			};
			name = Release;
		};
		A96367FE1EC52FA9002A77DA /* Debug */ = {
			isa = XCBuildConfiguration;
			buildSettings = {
				ASSETCATALOG_COMPILER_APPICON_NAME = AppIcon;
				INFOPLIST_FILE = PartyRockApp/Info.plist;
				LD_RUNPATH_SEARCH_PATHS = "$(inherited) @executable_path/Frameworks";
				PRODUCT_BUNDLE_IDENTIFIER = UpliftedStudios.PartyRockApp;
				PRODUCT_NAME = "$(TARGET_NAME)";
				SWIFT_VERSION = 3.0;
			};
			name = Debug;
		};
		A96367FF1EC52FA9002A77DA /* Release */ = {
			isa = XCBuildConfiguration;
			buildSettings = {
				ASSETCATALOG_COMPILER_APPICON_NAME = AppIcon;
				INFOPLIST_FILE = PartyRockApp/Info.plist;
				LD_RUNPATH_SEARCH_PATHS = "$(inherited) @executable_path/Frameworks";
				PRODUCT_BUNDLE_IDENTIFIER = UpliftedStudios.PartyRockApp;
				PRODUCT_NAME = "$(TARGET_NAME)";
				SWIFT_VERSION = 3.0;
			};
			name = Release;
		};
/* End XCBuildConfiguration section */

/* Begin XCConfigurationList section */
		A96367E61EC52FA9002A77DA /* Build configuration list for PBXProject "PartyRockApp" */ = {
			isa = XCConfigurationList;
			buildConfigurations = (
				A96367FB1EC52FA9002A77DA /* Debug */,
				A96367FC1EC52FA9002A77DA /* Release */,
			);
			defaultConfigurationIsVisible = 0;
			defaultConfigurationName = Release;
		};
		A96367FD1EC52FA9002A77DA /* Build configuration list for PBXNativeTarget "PartyRockApp" */ = {
			isa = XCConfigurationList;
			buildConfigurations = (
				A96367FE1EC52FA9002A77DA /* Debug */,
				A96367FF1EC52FA9002A77DA /* Release */,
			);
			defaultConfigurationIsVisible = 0;
			defaultConfigurationName = Release;
		};
/* End XCConfigurationList section */
	};
	rootObject = A96367E31EC52FA9002A77DA /* Project object */;
}
